
Microsoft Visual Studio Solution File, Format Version 12.00
# Visual Studio 15
VisualStudioVersion = 15.0.27130.2026
MinimumVisualStudioVersion = 10.0.40219.1
Project("{FAE04EC0-301F-11D3-BF4B-00C04F79EFBC}") = "WindowsFormsApp1", "WindowsFormsApp1\WindowsFormsApp1.csproj", "{46F99212-1F9E-4F60-9DAE-72FD7A918556}"
EndProject
Project("{FAE04EC0-301F-11D3-BF4B-00C04F79EFBC}") = "MVP", "MVP\MVP.csproj", "{C065632E-145F-4474-8870-F82E27649E2A}"
EndProject
Project("{FAE04EC0-301F-11D3-BF4B-00C04F79EFBC}") = "WpfApp1", "WpfApp1\WpfApp1.csproj", "{766A9FD4-3D9B-4F95-B15D-AC2760DA0555}"
EndProject
Global
	GlobalSection(SolutionConfigurationPlatforms) = preSolution
		Debug|Any CPU = Debug|Any CPU
		Release|Any CPU = Release|Any CPU
	EndGlobalSection
	GlobalSection(ProjectConfigurationPlatforms) = postSolution
		{46F99212-1F9E-4F60-9DAE-72FD7A918556}.Debug|Any CPU.ActiveCfg = Debug|Any CPU
		{46F99212-1F9E-4F60-9DAE-72FD7A918556}.Debug|Any CPU.Build.0 = Debug|Any CPU
		{46F99212-1F9E-4F60-9DAE-72FD7A918556}.Release|Any CPU.ActiveCfg = Release|Any CPU
		{46F99212-1F9E-4F60-9DAE-72FD7A918556}.Release|Any CPU.Build.0 = Release|Any CPU
		{C065632E-145F-4474-8870-F82E27649E2A}.Debug|Any CPU.ActiveCfg = Debug|Any CPU
		{C065632E-145F-4474-8870-F82E27649E2A}.Debug|Any CPU.Build.0 = Debug|Any CPU
		{C065632E-145F-4474-8870-F82E27649E2A}.Release|Any CPU.ActiveCfg = Release|Any CPU
		{C065632E-145F-4474-8870-F82E27649E2A}.Release|Any CPU.Build.0 = Release|Any CPU
		{766A9FD4-3D9B-4F95-B15D-AC2760DA0555}.Debug|Any CPU.ActiveCfg = Debug|Any CPU
		{766A9FD4-3D9B-4F95-B15D-AC2760DA0555}.Debug|Any CPU.Build.0 = Debug|Any CPU
		{766A9FD4-3D9B-4F95-B15D-AC2760DA0555}.Release|Any CPU.ActiveCfg = Release|Any CPU
		{766A9FD4-3D9B-4F95-B15D-AC2760DA0555}.Release|Any CPU.Build.0 = Release|Any CPU
	EndGlobalSection
	GlobalSection(SolutionProperties) = preSolution
		HideSolutionNode = FALSE
	EndGlobalSection
	GlobalSection(ExtensibilityGlobals) = postSolution
		SolutionGuid = {1C265406-61A7-43C7-8E57-AF8B416FB07D}
	EndGlobalSection
EndGlobal
